
Microsoft Visual Studio Solution File, Format Version 12.00
# Visual Studio Version 17
VisualStudioVersion = 17.7.34202.233
MinimumVisualStudioVersion = 10.0.40219.1
Project("{FAE04EC0-301F-11D3-BF4B-00C04F79EFBC}") = "JacobClaytonProject2", "JacobClaytonProject2.csproj", "{C6B160BD-BA4D-4441-9914-6513BCC0CDC3}"
EndProject
Global
	GlobalSection(SolutionConfigurationPlatforms) = preSolution
		Debug|Any CPU = Debug|Any CPU
		Release|Any CPU = Release|Any CPU
	EndGlobalSection
	GlobalSection(ProjectConfigurationPlatforms) = postSolution
		{C6B160BD-BA4D-4441-9914-6513BCC0CDC3}.Debug|Any CPU.ActiveCfg = Debug|Any CPU
		{C6B160BD-BA4D-4441-9914-6513BCC0CDC3}.Debug|Any CPU.Build.0 = Debug|Any CPU
		{C6B160BD-BA4D-4441-9914-6513BCC0CDC3}.Release|Any CPU.ActiveCfg = Release|Any CPU
		{C6B160BD-BA4D-4441-9914-6513BCC0CDC3}.Release|Any CPU.Build.0 = Release|Any CPU
	EndGlobalSection
	GlobalSection(SolutionProperties) = preSolution
		HideSolutionNode = FALSE
	EndGlobalSection
	GlobalSection(ExtensibilityGlobals) = postSolution
		SolutionGuid = {7C2F4E72-352C-4372-B876-60D446020B67}
	EndGlobalSection
EndGlobal
